{
  "originHash" : "1db1f53502a4e428c886aca3eddf32ac4914a4b850432786ef8c6a83203c9747",
  "pins" : [
    {
      "identity" : "mkbaseswiftmodule",
      "kind" : "remoteSourceControl",
      "location" : "https://github.com/MOKO-iOS-Base-Library/MKBaseSwiftModule.git",
      "state" : {
        "revision" : "55914eba2655699fe487d6499fdacb7face3034d",
        "version" : "1.0.22"
      }
    }
  ],
  "version" : 3
}
